
Microsoft Visual Studio Solution File, Format Version 12.00
# Visual Studio 15
VisualStudioVersion = 15.0.28307.168
MinimumVisualStudioVersion = 10.0.40219.1
Project("{FAE04EC0-301F-11D3-BF4B-00C04F79EFBC}") = "FaceCollect", "FaceCollect\FaceCollect.csproj", "{684B4984-6344-4AB2-B4B7-700E7C13553E}"
EndProject
Project("{FAE04EC0-301F-11D3-BF4B-00C04F79EFBC}") = "FaceCollect.Entity", "FaceCollect.Entity\FaceCollect.Entity.csproj", "{5D622E1A-F1DB-467C-8B40-F402D6F2F3DF}"
EndProject
Project("{FAE04EC0-301F-11D3-BF4B-00C04F79EFBC}") = "FaceCollect.Server", "FaceCollect.Server\FaceCollect.Server.csproj", "{699A9853-957F-4D07-BD55-9253EE8FE317}"
EndProject
Global
	GlobalSection(SolutionConfigurationPlatforms) = preSolution
		Debug|Any CPU = Debug|Any CPU
		Debug|x64 = Debug|x64
		Debug|x86 = Debug|x86
		JLZS|Any CPU = JLZS|Any CPU
		JLZS|x64 = JLZS|x64
		JLZS|x86 = JLZS|x86
		Pesonal|Any CPU = Pesonal|Any CPU
		Pesonal|x64 = Pesonal|x64
		Pesonal|x86 = Pesonal|x86
		Release|Any CPU = Release|Any CPU
		Release|x64 = Release|x64
		Release|x86 = Release|x86
		ZDY|Any CPU = ZDY|Any CPU
		ZDY|x64 = ZDY|x64
		ZDY|x86 = ZDY|x86
		ZDYTest|Any CPU = ZDYTest|Any CPU
		ZDYTest|x64 = ZDYTest|x64
		ZDYTest|x86 = ZDYTest|x86
		ZS|Any CPU = ZS|Any CPU
		ZS|x64 = ZS|x64
		ZS|x86 = ZS|x86
	EndGlobalSection
	GlobalSection(ProjectConfigurationPlatforms) = postSolution
		{684B4984-6344-4AB2-B4B7-700E7C13553E}.Debug|Any CPU.ActiveCfg = Debug|Any CPU
		{684B4984-6344-4AB2-B4B7-700E7C13553E}.Debug|Any CPU.Build.0 = Debug|Any CPU
		{684B4984-6344-4AB2-B4B7-700E7C13553E}.Debug|x64.ActiveCfg = Debug|Any CPU
		{684B4984-6344-4AB2-B4B7-700E7C13553E}.Debug|x64.Build.0 = Debug|Any CPU
		{684B4984-6344-4AB2-B4B7-700E7C13553E}.Debug|x86.ActiveCfg = Debug|x86
		{684B4984-6344-4AB2-B4B7-700E7C13553E}.Debug|x86.Build.0 = Debug|x86
		{684B4984-6344-4AB2-B4B7-700E7C13553E}.JLZS|Any CPU.ActiveCfg = Release|Any CPU
		{684B4984-6344-4AB2-B4B7-700E7C13553E}.JLZS|Any CPU.Build.0 = Release|Any CPU
		{684B4984-6344-4AB2-B4B7-700E7C13553E}.JLZS|x64.ActiveCfg = Release|Any CPU
		{684B4984-6344-4AB2-B4B7-700E7C13553E}.JLZS|x64.Build.0 = Release|Any CPU
		{684B4984-6344-4AB2-B4B7-700E7C13553E}.JLZS|x86.ActiveCfg = Release|x86
		{684B4984-6344-4AB2-B4B7-700E7C13553E}.JLZS|x86.Build.0 = Release|x86
		{684B4984-6344-4AB2-B4B7-700E7C13553E}.Pesonal|Any CPU.ActiveCfg = Release|Any CPU
		{684B4984-6344-4AB2-B4B7-700E7C13553E}.Pesonal|Any CPU.Build.0 = Release|Any CPU
		{684B4984-6344-4AB2-B4B7-700E7C13553E}.Pesonal|x64.ActiveCfg = Release|Any CPU
		{684B4984-6344-4AB2-B4B7-700E7C13553E}.Pesonal|x64.Build.0 = Release|Any CPU
		{684B4984-6344-4AB2-B4B7-700E7C13553E}.Pesonal|x86.ActiveCfg = Release|x86
		{684B4984-6344-4AB2-B4B7-700E7C13553E}.Pesonal|x86.Build.0 = Release|x86
		{684B4984-6344-4AB2-B4B7-700E7C13553E}.Release|Any CPU.ActiveCfg = Release|Any CPU
		{684B4984-6344-4AB2-B4B7-700E7C13553E}.Release|Any CPU.Build.0 = Release|Any CPU
		{684B4984-6344-4AB2-B4B7-700E7C13553E}.Release|x64.ActiveCfg = Release|Any CPU
		{684B4984-6344-4AB2-B4B7-700E7C13553E}.Release|x64.Build.0 = Release|Any CPU
		{684B4984-6344-4AB2-B4B7-700E7C13553E}.Release|x86.ActiveCfg = Release|x86
		{684B4984-6344-4AB2-B4B7-700E7C13553E}.Release|x86.Build.0 = Release|x86
		{684B4984-6344-4AB2-B4B7-700E7C13553E}.ZDY|Any CPU.ActiveCfg = Release|Any CPU
		{684B4984-6344-4AB2-B4B7-700E7C13553E}.ZDY|Any CPU.Build.0 = Release|Any CPU
		{684B4984-6344-4AB2-B4B7-700E7C13553E}.ZDY|x64.ActiveCfg = Release|Any CPU
		{684B4984-6344-4AB2-B4B7-700E7C13553E}.ZDY|x64.Build.0 = Release|Any CPU
		{684B4984-6344-4AB2-B4B7-700E7C13553E}.ZDY|x86.ActiveCfg = Release|x86
		{684B4984-6344-4AB2-B4B7-700E7C13553E}.ZDY|x86.Build.0 = Release|x86
		{684B4984-6344-4AB2-B4B7-700E7C13553E}.ZDYTest|Any CPU.ActiveCfg = Release|Any CPU
		{684B4984-6344-4AB2-B4B7-700E7C13553E}.ZDYTest|Any CPU.Build.0 = Release|Any CPU
		{684B4984-6344-4AB2-B4B7-700E7C13553E}.ZDYTest|x64.ActiveCfg = Release|Any CPU
		{684B4984-6344-4AB2-B4B7-700E7C13553E}.ZDYTest|x64.Build.0 = Release|Any CPU
		{684B4984-6344-4AB2-B4B7-700E7C13553E}.ZDYTest|x86.ActiveCfg = Release|x86
		{684B4984-6344-4AB2-B4B7-700E7C13553E}.ZDYTest|x86.Build.0 = Release|x86
		{684B4984-6344-4AB2-B4B7-700E7C13553E}.ZS|Any CPU.ActiveCfg = Release|Any CPU
		{684B4984-6344-4AB2-B4B7-700E7C13553E}.ZS|Any CPU.Build.0 = Release|Any CPU
		{684B4984-6344-4AB2-B4B7-700E7C13553E}.ZS|x64.ActiveCfg = Release|Any CPU
		{684B4984-6344-4AB2-B4B7-700E7C13553E}.ZS|x64.Build.0 = Release|Any CPU
		{684B4984-6344-4AB2-B4B7-700E7C13553E}.ZS|x86.ActiveCfg = Release|x86
		{684B4984-6344-4AB2-B4B7-700E7C13553E}.ZS|x86.Build.0 = Release|x86
		{5D622E1A-F1DB-467C-8B40-F402D6F2F3DF}.Debug|Any CPU.ActiveCfg = Debug|Any CPU
		{5D622E1A-F1DB-467C-8B40-F402D6F2F3DF}.Debug|Any CPU.Build.0 = Debug|Any CPU
		{5D622E1A-F1DB-467C-8B40-F402D6F2F3DF}.Debug|x64.ActiveCfg = Debug|Any CPU
		{5D622E1A-F1DB-467C-8B40-F402D6F2F3DF}.Debug|x64.Build.0 = Debug|Any CPU
		{5D622E1A-F1DB-467C-8B40-F402D6F2F3DF}.Debug|x86.ActiveCfg = Debug|x86
		{5D622E1A-F1DB-467C-8B40-F402D6F2F3DF}.Debug|x86.Build.0 = Debug|x86
		{5D622E1A-F1DB-467C-8B40-F402D6F2F3DF}.JLZS|Any CPU.ActiveCfg = Release|Any CPU
		{5D622E1A-F1DB-467C-8B40-F402D6F2F3DF}.JLZS|Any CPU.Build.0 = Release|Any CPU
		{5D622E1A-F1DB-467C-8B40-F402D6F2F3DF}.JLZS|x64.ActiveCfg = Release|Any CPU
		{5D622E1A-F1DB-467C-8B40-F402D6F2F3DF}.JLZS|x64.Build.0 = Release|Any CPU
		{5D622E1A-F1DB-467C-8B40-F402D6F2F3DF}.JLZS|x86.ActiveCfg = Release|x86
		{5D622E1A-F1DB-467C-8B40-F402D6F2F3DF}.JLZS|x86.Build.0 = Release|x86
		{5D622E1A-F1DB-467C-8B40-F402D6F2F3DF}.Pesonal|Any CPU.ActiveCfg = Release|Any CPU
		{5D622E1A-F1DB-467C-8B40-F402D6F2F3DF}.Pesonal|Any CPU.Build.0 = Release|Any CPU
		{5D622E1A-F1DB-467C-8B40-F402D6F2F3DF}.Pesonal|x64.ActiveCfg = Release|Any CPU
		{5D622E1A-F1DB-467C-8B40-F402D6F2F3DF}.Pesonal|x64.Build.0 = Release|Any CPU
		{5D622E1A-F1DB-467C-8B40-F402D6F2F3DF}.Pesonal|x86.ActiveCfg = Release|x86
		{5D622E1A-F1DB-467C-8B40-F402D6F2F3DF}.Pesonal|x86.Build.0 = Release|x86
		{5D622E1A-F1DB-467C-8B40-F402D6F2F3DF}.Release|Any CPU.ActiveCfg = Release|Any CPU
		{5D622E1A-F1DB-467C-8B40-F402D6F2F3DF}.Release|Any CPU.Build.0 = Release|Any CPU
		{5D622E1A-F1DB-467C-8B40-F402D6F2F3DF}.Release|x64.ActiveCfg = Release|Any CPU
		{5D622E1A-F1DB-467C-8B40-F402D6F2F3DF}.Release|x64.Build.0 = Release|Any CPU
		{5D622E1A-F1DB-467C-8B40-F402D6F2F3DF}.Release|x86.ActiveCfg = Release|x86
		{5D622E1A-F1DB-467C-8B40-F402D6F2F3DF}.Release|x86.Build.0 = Release|x86
		{5D622E1A-F1DB-467C-8B40-F402D6F2F3DF}.ZDY|Any CPU.ActiveCfg = Release|Any CPU
		{5D622E1A-F1DB-467C-8B40-F402D6F2F3DF}.ZDY|Any CPU.Build.0 = Release|Any CPU
		{5D622E1A-F1DB-467C-8B40-F402D6F2F3DF}.ZDY|x64.ActiveCfg = Release|Any CPU
		{5D622E1A-F1DB-467C-8B40-F402D6F2F3DF}.ZDY|x64.Build.0 = Release|Any CPU
		{5D622E1A-F1DB-467C-8B40-F402D6F2F3DF}.ZDY|x86.ActiveCfg = Release|x86
		{5D622E1A-F1DB-467C-8B40-F402D6F2F3DF}.ZDY|x86.Build.0 = Release|x86
		{5D622E1A-F1DB-467C-8B40-F402D6F2F3DF}.ZDYTest|Any CPU.ActiveCfg = Release|Any CPU
		{5D622E1A-F1DB-467C-8B40-F402D6F2F3DF}.ZDYTest|Any CPU.Build.0 = Release|Any CPU
		{5D622E1A-F1DB-467C-8B40-F402D6F2F3DF}.ZDYTest|x64.ActiveCfg = Release|Any CPU
		{5D622E1A-F1DB-467C-8B40-F402D6F2F3DF}.ZDYTest|x64.Build.0 = Release|Any CPU
		{5D622E1A-F1DB-467C-8B40-F402D6F2F3DF}.ZDYTest|x86.ActiveCfg = Release|x86
		{5D622E1A-F1DB-467C-8B40-F402D6F2F3DF}.ZDYTest|x86.Build.0 = Release|x86
		{5D622E1A-F1DB-467C-8B40-F402D6F2F3DF}.ZS|Any CPU.ActiveCfg = Release|Any CPU
		{5D622E1A-F1DB-467C-8B40-F402D6F2F3DF}.ZS|Any CPU.Build.0 = Release|Any CPU
		{5D622E1A-F1DB-467C-8B40-F402D6F2F3DF}.ZS|x64.ActiveCfg = Release|Any CPU
		{5D622E1A-F1DB-467C-8B40-F402D6F2F3DF}.ZS|x64.Build.0 = Release|Any CPU
		{5D622E1A-F1DB-467C-8B40-F402D6F2F3DF}.ZS|x86.ActiveCfg = Release|x86
		{5D622E1A-F1DB-467C-8B40-F402D6F2F3DF}.ZS|x86.Build.0 = Release|x86
		{699A9853-957F-4D07-BD55-9253EE8FE317}.Debug|Any CPU.ActiveCfg = Debug|Any CPU
		{699A9853-957F-4D07-BD55-9253EE8FE317}.Debug|Any CPU.Build.0 = Debug|Any CPU
		{699A9853-957F-4D07-BD55-9253EE8FE317}.Debug|x64.ActiveCfg = Debug|Any CPU
		{699A9853-957F-4D07-BD55-9253EE8FE317}.Debug|x64.Build.0 = Debug|Any CPU
		{699A9853-957F-4D07-BD55-9253EE8FE317}.Debug|x86.ActiveCfg = Debug|x86
		{699A9853-957F-4D07-BD55-9253EE8FE317}.Debug|x86.Build.0 = Debug|x86
		{699A9853-957F-4D07-BD55-9253EE8FE317}.JLZS|Any CPU.ActiveCfg = Release|Any CPU
		{699A9853-957F-4D07-BD55-9253EE8FE317}.JLZS|Any CPU.Build.0 = Release|Any CPU
		{699A9853-957F-4D07-BD55-9253EE8FE317}.JLZS|x64.ActiveCfg = Release|Any CPU
		{699A9853-957F-4D07-BD55-9253EE8FE317}.JLZS|x64.Build.0 = Release|Any CPU
		{699A9853-957F-4D07-BD55-9253EE8FE317}.JLZS|x86.ActiveCfg = Release|x86
		{699A9853-957F-4D07-BD55-9253EE8FE317}.JLZS|x86.Build.0 = Release|x86
		{699A9853-957F-4D07-BD55-9253EE8FE317}.Pesonal|Any CPU.ActiveCfg = Release|Any CPU
		{699A9853-957F-4D07-BD55-9253EE8FE317}.Pesonal|Any CPU.Build.0 = Release|Any CPU
		{699A9853-957F-4D07-BD55-9253EE8FE317}.Pesonal|x64.ActiveCfg = Release|Any CPU
		{699A9853-957F-4D07-BD55-9253EE8FE317}.Pesonal|x64.Build.0 = Release|Any CPU
		{699A9853-957F-4D07-BD55-9253EE8FE317}.Pesonal|x86.ActiveCfg = Release|x86
		{699A9853-957F-4D07-BD55-9253EE8FE317}.Pesonal|x86.Build.0 = Release|x86
		{699A9853-957F-4D07-BD55-9253EE8FE317}.Release|Any CPU.ActiveCfg = Release|Any CPU
		{699A9853-957F-4D07-BD55-9253EE8FE317}.Release|Any CPU.Build.0 = Release|Any CPU
		{699A9853-957F-4D07-BD55-9253EE8FE317}.Release|x64.ActiveCfg = Release|Any CPU
		{699A9853-957F-4D07-BD55-9253EE8FE317}.Release|x64.Build.0 = Release|Any CPU
		{699A9853-957F-4D07-BD55-9253EE8FE317}.Release|x86.ActiveCfg = Release|x86
		{699A9853-957F-4D07-BD55-9253EE8FE317}.Release|x86.Build.0 = Release|x86
		{699A9853-957F-4D07-BD55-9253EE8FE317}.ZDY|Any CPU.ActiveCfg = Release|Any CPU
		{699A9853-957F-4D07-BD55-9253EE8FE317}.ZDY|Any CPU.Build.0 = Release|Any CPU
		{699A9853-957F-4D07-BD55-9253EE8FE317}.ZDY|x64.ActiveCfg = Release|Any CPU
		{699A9853-957F-4D07-BD55-9253EE8FE317}.ZDY|x64.Build.0 = Release|Any CPU
		{699A9853-957F-4D07-BD55-9253EE8FE317}.ZDY|x86.ActiveCfg = Release|x86
		{699A9853-957F-4D07-BD55-9253EE8FE317}.ZDY|x86.Build.0 = Release|x86
		{699A9853-957F-4D07-BD55-9253EE8FE317}.ZDYTest|Any CPU.ActiveCfg = Release|Any CPU
		{699A9853-957F-4D07-BD55-9253EE8FE317}.ZDYTest|Any CPU.Build.0 = Release|Any CPU
		{699A9853-957F-4D07-BD55-9253EE8FE317}.ZDYTest|x64.ActiveCfg = Release|Any CPU
		{699A9853-957F-4D07-BD55-9253EE8FE317}.ZDYTest|x64.Build.0 = Release|Any CPU
		{699A9853-957F-4D07-BD55-9253EE8FE317}.ZDYTest|x86.ActiveCfg = Release|x86
		{699A9853-957F-4D07-BD55-9253EE8FE317}.ZDYTest|x86.Build.0 = Release|x86
		{699A9853-957F-4D07-BD55-9253EE8FE317}.ZS|Any CPU.ActiveCfg = Release|Any CPU
		{699A9853-957F-4D07-BD55-9253EE8FE317}.ZS|Any CPU.Build.0 = Release|Any CPU
		{699A9853-957F-4D07-BD55-9253EE8FE317}.ZS|x64.ActiveCfg = Release|Any CPU
		{699A9853-957F-4D07-BD55-9253EE8FE317}.ZS|x64.Build.0 = Release|Any CPU
		{699A9853-957F-4D07-BD55-9253EE8FE317}.ZS|x86.ActiveCfg = Release|x86
		{699A9853-957F-4D07-BD55-9253EE8FE317}.ZS|x86.Build.0 = Release|x86
	EndGlobalSection
	GlobalSection(SolutionProperties) = preSolution
		HideSolutionNode = FALSE
	EndGlobalSection
	GlobalSection(ExtensibilityGlobals) = postSolution
		SolutionGuid = {C0FC1B78-3C7F-420B-A328-5861D8B2E8DC}
	EndGlobalSection
EndGlobal
